
Microsoft Visual Studio Solution File, Format Version 12.00
# Visual Studio Version 16
VisualStudioVersion = 16.0.28803.202
MinimumVisualStudioVersion = 10.0.40219.1
Project("{FAE04EC0-301F-11D3-BF4B-00C04F79EFBC}") = "AvioKompanija", "AvioKompanija\AvioKompanija.csproj", "{812AF43D-6EFA-43AC-84ED-F78B7A608E45}"
EndProject
Global
	GlobalSection(SolutionConfigurationPlatforms) = preSolution
		Debug|Any CPU = Debug|Any CPU
		Release|Any CPU = Release|Any CPU
	EndGlobalSection
	GlobalSection(ProjectConfigurationPlatforms) = postSolution
		{812AF43D-6EFA-43AC-84ED-F78B7A608E45}.Debug|Any CPU.ActiveCfg = Debug|Any CPU
		{812AF43D-6EFA-43AC-84ED-F78B7A608E45}.Debug|Any CPU.Build.0 = Debug|Any CPU
		{812AF43D-6EFA-43AC-84ED-F78B7A608E45}.Release|Any CPU.ActiveCfg = Release|Any CPU
		{812AF43D-6EFA-43AC-84ED-F78B7A608E45}.Release|Any CPU.Build.0 = Release|Any CPU
	EndGlobalSection
	GlobalSection(SolutionProperties) = preSolution
		HideSolutionNode = FALSE
	EndGlobalSection
	GlobalSection(ExtensibilityGlobals) = postSolution
		SolutionGuid = {521AF997-E48B-4E44-9BFE-2BE60C92FDB8}
	EndGlobalSection
EndGlobal
